{
  "version": 4,
  "terraform_version": "1.7.0",
  "serial": 664,
  "lineage": "0937a979-5e2b-bee5-88ee-c8f1f3c2e5bf",
  "outputs": {},
  "resources": [
    {
      "mode": "managed",
      "type": "aws_eip",
      "name": "elasticIP",
      "provider": "provider[\"registry.terraform.io/hashicorp/aws\"]",
      "instances": [
        {
          "schema_version": 0,
          "attributes": {
            "address": null,
            "allocation_id": "eipalloc-02cc9eaa1175d8a43",
            "associate_with_private_ip": null,
            "association_id": "",
            "carrier_ip": "",
            "customer_owned_ip": "",
            "customer_owned_ipv4_pool": "",
            "domain": "vpc",
            "id": "eipalloc-02cc9eaa1175d8a43",
            "instance": "",
            "network_border_group": "ap-south-1",
            "network_interface": "",
            "private_dns": null,
            "private_ip": "",
            "public_dns": "ec2-3-7-235-31.ap-south-1.compute.amazonaws.com",
            "public_ip": "3.7.235.31",
            "public_ipv4_pool": "amazon",
            "tags": {},
            "tags_all": {},
            "timeouts": null,
            "vpc": true
          },
          "sensitive_attributes": [],
          "private": "eyJlMmJmYjczMC1lY2FhLTExZTYtOGY4OC0zNDM2M2JjN2M0YzAiOnsiZGVsZXRlIjoxODAwMDAwMDAwMDAsInJlYWQiOjkwMDAwMDAwMDAwMCwidXBkYXRlIjozMDAwMDAwMDAwMDB9fQ=="
        }
      ]
    },
    {
      "mode": "managed",
      "type": "aws_iam_instance_profile",
      "name": "instance_role_profile",
      "provider": "provider[\"registry.terraform.io/hashicorp/aws\"]",
      "instances": [
        {
          "schema_version": 0,
          "attributes": {
            "arn": "arn:aws:iam::262108613719:instance-profile/ssm-instance-profile",
            "create_date": "2024-03-19T10:21:54Z",
            "id": "ssm-instance-profile",
            "name": "ssm-instance-profile",
            "name_prefix": "",
            "path": "/",
            "role": "iam-roles",
            "tags": {},
            "tags_all": {},
            "unique_id": "AIPAT2BXEBRLQDIRQRVER"
          },
          "sensitive_attributes": [],
          "private": "bnVsbA==",
          "dependencies": [
            "aws_iam_role.iam-roles"
          ]
        }
      ]
    },
    {
      "mode": "managed",
      "type": "aws_iam_policy_attachment",
      "name": "cloudwatch_agent_admin_policy",
      "provider": "provider[\"registry.terraform.io/hashicorp/aws\"]",
      "instances": [
        {
          "schema_version": 0,
          "attributes": {
            "groups": [],
            "id": "CloudWatchAgentAdminPolicyAttachment",
            "name": "CloudWatchAgentAdminPolicyAttachment",
            "policy_arn": "arn:aws:iam::aws:policy/CloudWatchAgentAdminPolicy",
            "roles": [
              "iam-roles"
            ],
            "users": []
          },
          "sensitive_attributes": [],
          "private": "bnVsbA==",
          "dependencies": [
            "aws_iam_role.iam-roles"
          ]
        }
      ]
    },
    {
      "mode": "managed",
      "type": "aws_iam_policy_attachment",
      "name": "cloudwatch_agent_server_policy",
      "provider": "provider[\"registry.terraform.io/hashicorp/aws\"]",
      "instances": [
        {
          "schema_version": 0,
          "attributes": {
            "groups": [],
            "id": "CloudWatchAgentServerPolicyAttachment",
            "name": "CloudWatchAgentServerPolicyAttachment",
            "policy_arn": "arn:aws:iam::aws:policy/CloudWatchAgentServerPolicy",
            "roles": [
              "iam-roles"
            ],
            "users": []
          },
          "sensitive_attributes": [],
          "private": "bnVsbA==",
          "dependencies": [
            "aws_iam_role.iam-roles"
          ]
        }
      ]
    },
    {
      "mode": "managed",
      "type": "aws_iam_policy_attachment",
      "name": "cloudwatch_full_access",
      "provider": "provider[\"registry.terraform.io/hashicorp/aws\"]",
      "instances": [
        {
          "schema_version": 0,
          "attributes": {
            "groups": [],
            "id": "CloudWatchFullAccessAttachment",
            "name": "CloudWatchFullAccessAttachment",
            "policy_arn": "arn:aws:iam::aws:policy/CloudWatchFullAccess",
            "roles": [
              "iam-roles"
            ],
            "users": []
          },
          "sensitive_attributes": [],
          "private": "bnVsbA==",
          "dependencies": [
            "aws_iam_role.iam-roles"
          ]
        }
      ]
    },
    {
      "mode": "managed",
      "type": "aws_iam_policy_attachment",
      "name": "ec2_full_access",
      "provider": "provider[\"registry.terraform.io/hashicorp/aws\"]",
      "instances": [
        {
          "schema_version": 0,
          "attributes": {
            "groups": [],
            "id": "AmazonEC2FullAccessAttachment",
            "name": "AmazonEC2FullAccessAttachment",
            "policy_arn": "arn:aws:iam::aws:policy/AmazonEC2FullAccess",
            "roles": [
              "iam-roles"
            ],
            "users": []
          },
          "sensitive_attributes": [],
          "private": "bnVsbA==",
          "dependencies": [
            "aws_iam_role.iam-roles"
          ]
        }
      ]
    },
    {
      "mode": "managed",
      "type": "aws_iam_policy_attachment",
      "name": "ec2_role_for_ssm",
      "provider": "provider[\"registry.terraform.io/hashicorp/aws\"]",
      "instances": [
        {
          "schema_version": 0,
          "attributes": {
            "groups": [],
            "id": "AmazonEC2RoleforSSMAttachment",
            "name": "AmazonEC2RoleforSSMAttachment",
            "policy_arn": "arn:aws:iam::aws:policy/service-role/AmazonEC2RoleforSSM",
            "roles": [
              "iam-roles"
            ],
            "users": []
          },
          "sensitive_attributes": [],
          "private": "bnVsbA==",
          "dependencies": [
            "aws_iam_role.iam-roles"
          ]
        }
      ]
    },
    {
      "mode": "managed",
      "type": "aws_iam_policy_attachment",
      "name": "ssm_full_access",
      "provider": "provider[\"registry.terraform.io/hashicorp/aws\"]",
      "instances": [
        {
          "schema_version": 0,
          "attributes": {
            "groups": [],
            "id": "AmazonSSMFullAccessAttachment",
            "name": "AmazonSSMFullAccessAttachment",
            "policy_arn": "arn:aws:iam::aws:policy/AmazonSSMFullAccess",
            "roles": [
              "iam-roles"
            ],
            "users": []
          },
          "sensitive_attributes": [],
          "private": "bnVsbA==",
          "dependencies": [
            "aws_iam_role.iam-roles"
          ]
        }
      ]
    },
    {
      "mode": "managed",
      "type": "aws_iam_role",
      "name": "iam-roles",
      "provider": "provider[\"registry.terraform.io/hashicorp/aws\"]",
      "instances": [
        {
          "schema_version": 0,
          "attributes": {
            "arn": "arn:aws:iam::262108613719:role/iam-roles",
            "assume_role_policy": "{\"Statement\":[{\"Action\":\"sts:AssumeRole\",\"Effect\":\"Allow\",\"Principal\":{\"Service\":\"ec2.amazonaws.com\"}}],\"Version\":\"2012-10-17\"}",
            "create_date": "2024-03-19T10:21:52Z",
            "description": "",
            "force_detach_policies": false,
            "id": "iam-roles",
            "inline_policy": [],
            "managed_policy_arns": [
              "arn:aws:iam::aws:policy/AmazonEC2FullAccess",
              "arn:aws:iam::aws:policy/AmazonSSMFullAccess",
              "arn:aws:iam::aws:policy/AmazonSSMManagedInstanceCore",
              "arn:aws:iam::aws:policy/CloudWatchAgentAdminPolicy",
              "arn:aws:iam::aws:policy/CloudWatchAgentServerPolicy",
              "arn:aws:iam::aws:policy/CloudWatchFullAccess",
              "arn:aws:iam::aws:policy/service-role/AmazonEC2RoleforSSM"
            ],
            "max_session_duration": 3600,
            "name": "iam-roles",
            "name_prefix": "",
            "path": "/",
            "permissions_boundary": "",
            "tags": {},
            "tags_all": {},
            "unique_id": "AROAT2BXEBRLTQWPWJGQL"
          },
          "sensitive_attributes": [],
          "private": "bnVsbA=="
        }
      ]
    },
    {
      "mode": "managed",
      "type": "aws_iam_role_policy_attachment",
      "name": "ssm_role_attachment",
      "provider": "provider[\"registry.terraform.io/hashicorp/aws\"]",
      "instances": [
        {
          "schema_version": 0,
          "attributes": {
            "id": "iam-roles-20240319102156970900000001",
            "policy_arn": "arn:aws:iam::aws:policy/AmazonSSMManagedInstanceCore",
            "role": "iam-roles"
          },
          "sensitive_attributes": [],
          "private": "bnVsbA==",
          "dependencies": [
            "aws_iam_role.iam-roles"
          ]
        }
      ]
    },
    {
      "mode": "managed",
      "type": "aws_instance",
      "name": "Private_Terraform",
      "provider": "provider[\"registry.terraform.io/hashicorp/aws\"]",
      "instances": [
        {
          "schema_version": 1,
          "attributes": {
            "ami": "ami-013168dc3850ef002",
            "arn": "arn:aws:ec2:ap-south-1:262108613719:instance/i-0c6f4962fb9d70cfa",
            "associate_public_ip_address": false,
            "availability_zone": "ap-south-1b",
            "capacity_reservation_specification": [
              {
                "capacity_reservation_preference": "open",
                "capacity_reservation_target": []
              }
            ],
            "cpu_core_count": 1,
            "cpu_options": [
              {
                "amd_sev_snp": "",
                "core_count": 1,
                "threads_per_core": 1
              }
            ],
            "cpu_threads_per_core": 1,
            "credit_specification": [
              {
                "cpu_credits": "standard"
              }
            ],
            "disable_api_stop": false,
            "disable_api_termination": false,
            "ebs_block_device": [],
            "ebs_optimized": false,
            "enclave_options": [
              {
                "enabled": false
              }
            ],
            "ephemeral_block_device": [],
            "get_password_data": false,
            "hibernation": false,
            "host_id": "",
            "host_resource_group_arn": null,
            "iam_instance_profile": "ssm-instance-profile",
            "id": "i-0c6f4962fb9d70cfa",
            "instance_initiated_shutdown_behavior": "stop",
            "instance_lifecycle": "",
            "instance_market_options": [],
            "instance_state": "running",
            "instance_type": "t2.micro",
            "ipv6_address_count": 0,
            "ipv6_addresses": [],
            "key_name": "",
            "launch_template": [],
            "maintenance_options": [
              {
                "auto_recovery": "default"
              }
            ],
            "metadata_options": [
              {
                "http_endpoint": "enabled",
                "http_protocol_ipv6": "disabled",
                "http_put_response_hop_limit": 2,
                "http_tokens": "required",
                "instance_metadata_tags": "disabled"
              }
            ],
            "monitoring": false,
            "network_interface": [],
            "outpost_arn": "",
            "password_data": "",
            "placement_group": "",
            "placement_partition_number": 0,
            "primary_network_interface_id": "eni-0220c74fa727791f2",
            "private_dns": "ip-10-0-2-213.ap-south-1.compute.internal",
            "private_dns_name_options": [
              {
                "enable_resource_name_dns_a_record": false,
                "enable_resource_name_dns_aaaa_record": false,
                "hostname_type": "ip-name"
              }
            ],
            "private_ip": "10.0.2.213",
            "public_dns": "",
            "public_ip": "",
            "root_block_device": [
              {
                "delete_on_termination": true,
                "device_name": "/dev/xvda",
                "encrypted": false,
                "iops": 3000,
                "kms_key_id": "",
                "tags": {},
                "throughput": 125,
                "volume_id": "vol-0c24f6b12449b5d00",
                "volume_size": 8,
                "volume_type": "gp3"
              }
            ],
            "secondary_private_ips": [],
            "security_groups": [],
            "source_dest_check": true,
            "spot_instance_request_id": "",
            "subnet_id": "subnet-081a2f62cc3af0733",
            "tags": {
              "Name": "Private_Terraform"
            },
            "tags_all": {
              "Name": "Private_Terraform"
            },
            "tenancy": "default",
            "timeouts": null,
            "user_data": null,
            "user_data_base64": null,
            "user_data_replace_on_change": false,
            "volume_tags": null,
            "vpc_security_group_ids": [
              "sg-09f51c6a1a305ee90"
            ]
          },
          "sensitive_attributes": [],
          "private": "eyJlMmJmYjczMC1lY2FhLTExZTYtOGY4OC0zNDM2M2JjN2M0YzAiOnsiY3JlYXRlIjo2MDAwMDAwMDAwMDAsImRlbGV0ZSI6MTIwMDAwMDAwMDAwMCwidXBkYXRlIjo2MDAwMDAwMDAwMDB9LCJzY2hlbWFfdmVyc2lvbiI6IjEifQ==",
          "dependencies": [
            "aws_iam_instance_profile.instance_role_profile",
            "aws_iam_role.iam-roles",
            "aws_subnet.prisub",
            "aws_vpc.myvpc"
          ]
        }
      ]
    },
    {
      "mode": "managed",
      "type": "aws_instance",
      "name": "Terraform",
      "provider": "provider[\"registry.terraform.io/hashicorp/aws\"]",
      "instances": [
        {
          "schema_version": 1,
          "attributes": {
            "ami": "ami-013168dc3850ef002",
            "arn": "arn:aws:ec2:ap-south-1:262108613719:instance/i-0c480ba4691943eb9",
            "associate_public_ip_address": true,
            "availability_zone": "ap-south-1a",
            "capacity_reservation_specification": [
              {
                "capacity_reservation_preference": "open",
                "capacity_reservation_target": []
              }
            ],
            "cpu_core_count": 1,
            "cpu_options": [
              {
                "amd_sev_snp": "",
                "core_count": 1,
                "threads_per_core": 1
              }
            ],
            "cpu_threads_per_core": 1,
            "credit_specification": [
              {
                "cpu_credits": "standard"
              }
            ],
            "disable_api_stop": false,
            "disable_api_termination": false,
            "ebs_block_device": [],
            "ebs_optimized": false,
            "enclave_options": [
              {
                "enabled": false
              }
            ],
            "ephemeral_block_device": [],
            "get_password_data": false,
            "hibernation": false,
            "host_id": "",
            "host_resource_group_arn": null,
            "iam_instance_profile": "ssm-instance-profile",
            "id": "i-0c480ba4691943eb9",
            "instance_initiated_shutdown_behavior": "stop",
            "instance_lifecycle": "",
            "instance_market_options": [],
            "instance_state": "running",
            "instance_type": "t2.micro",
            "ipv6_address_count": 0,
            "ipv6_addresses": [],
            "key_name": "TF_key",
            "launch_template": [],
            "maintenance_options": [
              {
                "auto_recovery": "default"
              }
            ],
            "metadata_options": [
              {
                "http_endpoint": "enabled",
                "http_protocol_ipv6": "disabled",
                "http_put_response_hop_limit": 2,
                "http_tokens": "required",
                "instance_metadata_tags": "disabled"
              }
            ],
            "monitoring": false,
            "network_interface": [],
            "outpost_arn": "",
            "password_data": "",
            "placement_group": "",
            "placement_partition_number": 0,
            "primary_network_interface_id": "eni-0767d1e2f690ce1d5",
            "private_dns": "ip-10-0-1-112.ap-south-1.compute.internal",
            "private_dns_name_options": [
              {
                "enable_resource_name_dns_a_record": false,
                "enable_resource_name_dns_aaaa_record": false,
                "hostname_type": "ip-name"
              }
            ],
            "private_ip": "10.0.1.112",
            "public_dns": "",
            "public_ip": "65.2.172.21",
            "root_block_device": [
              {
                "delete_on_termination": true,
                "device_name": "/dev/xvda",
                "encrypted": false,
                "iops": 3000,
                "kms_key_id": "",
                "tags": {},
                "throughput": 125,
                "volume_id": "vol-02994764c37477f49",
                "volume_size": 8,
                "volume_type": "gp3"
              }
            ],
            "secondary_private_ips": [],
            "security_groups": [],
            "source_dest_check": true,
            "spot_instance_request_id": "",
            "subnet_id": "subnet-0377e6cf9244e4586",
            "tags": {
              "Name": "Terraform"
            },
            "tags_all": {
              "Name": "Terraform"
            },
            "tenancy": "default",
            "timeouts": null,
            "user_data": "33df13c35a56d5e2bb7e91bc06cb82e7ac179b62",
            "user_data_base64": null,
            "user_data_replace_on_change": false,
            "volume_tags": null,
            "vpc_security_group_ids": [
              "sg-09f51c6a1a305ee90"
            ]
          },
          "sensitive_attributes": [],
          "private": "eyJlMmJmYjczMC1lY2FhLTExZTYtOGY4OC0zNDM2M2JjN2M0YzAiOnsiY3JlYXRlIjo2MDAwMDAwMDAwMDAsImRlbGV0ZSI6MTIwMDAwMDAwMDAwMCwidXBkYXRlIjo2MDAwMDAwMDAwMDB9LCJzY2hlbWFfdmVyc2lvbiI6IjEifQ==",
          "dependencies": [
            "aws_iam_instance_profile.instance_role_profile",
            "aws_iam_role.iam-roles",
            "aws_subnet.pubsub",
            "aws_vpc.myvpc"
          ]
        }
      ]
    },
    {
      "mode": "managed",
      "type": "aws_internet_gateway",
      "name": "igw",
      "provider": "provider[\"registry.terraform.io/hashicorp/aws\"]",
      "instances": [
        {
          "schema_version": 0,
          "attributes": {
            "arn": "arn:aws:ec2:ap-south-1:262108613719:internet-gateway/igw-05af50da52db6340e",
            "id": "igw-05af50da52db6340e",
            "owner_id": "262108613719",
            "tags": {
              "Name": "IGW"
            },
            "tags_all": {
              "Name": "IGW"
            },
            "timeouts": null,
            "vpc_id": "vpc-0306291e1584e6c51"
          },
          "sensitive_attributes": [],
          "private": "eyJlMmJmYjczMC1lY2FhLTExZTYtOGY4OC0zNDM2M2JjN2M0YzAiOnsiY3JlYXRlIjoxMjAwMDAwMDAwMDAwLCJkZWxldGUiOjEyMDAwMDAwMDAwMDAsInVwZGF0ZSI6MTIwMDAwMDAwMDAwMH19",
          "dependencies": [
            "aws_vpc.myvpc"
          ]
        }
      ]
    },
    {
      "mode": "managed",
      "type": "aws_key_pair",
      "name": "TF_key",
      "provider": "provider[\"registry.terraform.io/hashicorp/aws\"]",
      "instances": [
        {
          "schema_version": 1,
          "attributes": {
            "arn": "arn:aws:ec2:ap-south-1:262108613719:key-pair/TF_key",
            "fingerprint": "d1:48:a1:3b:7c:d9:ff:c2:68:df:6c:20:33:30:e6:7c",
            "id": "TF_key",
            "key_name": "TF_key",
            "key_name_prefix": "",
            "key_pair_id": "key-021b839b7c01dcd3e",
            "key_type": "rsa",
            "public_key": "ssh-rsa AAAAB3NzaC1yc2EAAAADAQABAAACAQDScYkoYPR/ZdetFJwbLesQxwJg3qAbUa527BOrYbz3WWlytSZD+5WB1iZ2T9jS1VH2LUMJ0UHj2T7p+H8ImUTnZxr57Nvv120D/3xYh9Q1NMS7McxBVNqn8dytHEk/BFhIWKB9ochBATR466+99ag98/Zs/dSXxd48eoFT47QQptLG9LViUmIg1fUG+xEUqRtYlTSMa9ya6BqK4u8fDiy7HhbQnlNcXv0f7qGFeUul1AHkD5zmGH84VNavdGNP3Te/yFP/zbcmK/SoTt23VeZGINcOl8WS1N7FSSf6bIIphuTKu6+HAFJ5FMY0ywpQSzBMRl+xb+AvVcN22DaE9vesrxE9JrUrYaKW72+cB3poHeWSogT/R8PJEszmoCNtN9KyCc+dgaS0hpxzoN1tOFil8dVJrK+Hyt5l37+ZlXKKO8mHVEoFdWIxhkgnbmyJlH2Q70p1hXlERK28pjDx/R9Lbn3DZrfvW3qkNyjaYmeeICdRPJxt9IQwjRIRlncyQIc2OidYZ5Q5GNeH19sYUP+pzi3NIq+Y0QTWMcVD9PrLKzWlVzkTTQgquBw7BtHYVfArVI/4dbZv6hWYiJMkUNoOUOi0Qd8d7eBiZoeoWh3N6Z09CnSgoNVS9SAefCw0dDciy5GH4g/oCOCj87n+LnzCzHix0dG7EQUQWPgzT+hhRQ==",
            "tags": {},
            "tags_all": {}
          },
          "sensitive_attributes": [],
          "private": "eyJzY2hlbWFfdmVyc2lvbiI6IjEifQ==",
          "dependencies": [
            "tls_private_key.rsa"
          ]
        }
      ]
    },
    {
      "mode": "managed",
      "type": "aws_nat_gateway",
      "name": "nat",
      "provider": "provider[\"registry.terraform.io/hashicorp/aws\"]",
      "instances": [
        {
          "schema_version": 0,
          "attributes": {
            "allocation_id": "eipalloc-02cc9eaa1175d8a43",
            "association_id": "eipassoc-06bda716c7073c14b",
            "connectivity_type": "public",
            "id": "nat-0714aa1e0c18d0a97",
            "network_interface_id": "eni-04aa0dd3cbe778128",
            "private_ip": "10.0.1.101",
            "public_ip": "3.7.235.31",
            "secondary_allocation_ids": null,
            "secondary_private_ip_address_count": 0,
            "secondary_private_ip_addresses": [],
            "subnet_id": "subnet-0377e6cf9244e4586",
            "tags": {
              "Name": "gw NAT"
            },
            "tags_all": {
              "Name": "gw NAT"
            },
            "timeouts": null
          },
          "sensitive_attributes": [],
          "private": "eyJlMmJmYjczMC1lY2FhLTExZTYtOGY4OC0zNDM2M2JjN2M0YzAiOnsiY3JlYXRlIjo2MDAwMDAwMDAwMDAsImRlbGV0ZSI6MTgwMDAwMDAwMDAwMCwidXBkYXRlIjo2MDAwMDAwMDAwMDB9fQ==",
          "dependencies": [
            "aws_eip.elasticIP",
            "aws_subnet.pubsub",
            "aws_vpc.myvpc"
          ]
        }
      ]
    },
    {
      "mode": "managed",
      "type": "aws_route_table",
      "name": "prirt",
      "provider": "provider[\"registry.terraform.io/hashicorp/aws\"]",
      "instances": [
        {
          "schema_version": 0,
          "attributes": {
            "arn": "arn:aws:ec2:ap-south-1:262108613719:route-table/rtb-04f3136fdf2fa4253",
            "id": "rtb-04f3136fdf2fa4253",
            "owner_id": "262108613719",
            "propagating_vgws": [],
            "route": [
              {
                "carrier_gateway_id": "",
                "cidr_block": "0.0.0.0/0",
                "core_network_arn": "",
                "destination_prefix_list_id": "",
                "egress_only_gateway_id": "",
                "gateway_id": "nat-0714aa1e0c18d0a97",
                "ipv6_cidr_block": "",
                "local_gateway_id": "",
                "nat_gateway_id": "",
                "network_interface_id": "",
                "transit_gateway_id": "",
                "vpc_endpoint_id": "",
                "vpc_peering_connection_id": ""
              }
            ],
            "tags": {
              "Name": "prirt"
            },
            "tags_all": {
              "Name": "prirt"
            },
            "timeouts": null,
            "vpc_id": "vpc-0306291e1584e6c51"
          },
          "sensitive_attributes": [],
          "private": "eyJlMmJmYjczMC1lY2FhLTExZTYtOGY4OC0zNDM2M2JjN2M0YzAiOnsiY3JlYXRlIjozMDAwMDAwMDAwMDAsImRlbGV0ZSI6MzAwMDAwMDAwMDAwLCJ1cGRhdGUiOjEyMDAwMDAwMDAwMH19",
          "dependencies": [
            "aws_eip.elasticIP",
            "aws_nat_gateway.nat",
            "aws_subnet.pubsub",
            "aws_vpc.myvpc"
          ]
        }
      ]
    },
    {
      "mode": "managed",
      "type": "aws_route_table",
      "name": "pubrt",
      "provider": "provider[\"registry.terraform.io/hashicorp/aws\"]",
      "instances": [
        {
          "schema_version": 0,
          "attributes": {
            "arn": "arn:aws:ec2:ap-south-1:262108613719:route-table/rtb-0a208d11feb17e34f",
            "id": "rtb-0a208d11feb17e34f",
            "owner_id": "262108613719",
            "propagating_vgws": [],
            "route": [
              {
                "carrier_gateway_id": "",
                "cidr_block": "0.0.0.0/0",
                "core_network_arn": "",
                "destination_prefix_list_id": "",
                "egress_only_gateway_id": "",
                "gateway_id": "igw-05af50da52db6340e",
                "ipv6_cidr_block": "",
                "local_gateway_id": "",
                "nat_gateway_id": "",
                "network_interface_id": "",
                "transit_gateway_id": "",
                "vpc_endpoint_id": "",
                "vpc_peering_connection_id": ""
              }
            ],
            "tags": {
              "Name": "pubrt"
            },
            "tags_all": {
              "Name": "pubrt"
            },
            "timeouts": null,
            "vpc_id": "vpc-0306291e1584e6c51"
          },
          "sensitive_attributes": [],
          "private": "eyJlMmJmYjczMC1lY2FhLTExZTYtOGY4OC0zNDM2M2JjN2M0YzAiOnsiY3JlYXRlIjozMDAwMDAwMDAwMDAsImRlbGV0ZSI6MzAwMDAwMDAwMDAwLCJ1cGRhdGUiOjEyMDAwMDAwMDAwMH19",
          "dependencies": [
            "aws_internet_gateway.igw",
            "aws_vpc.myvpc"
          ]
        }
      ]
    },
    {
      "mode": "managed",
      "type": "aws_route_table_association",
      "name": "prirtassoci",
      "provider": "provider[\"registry.terraform.io/hashicorp/aws\"]",
      "instances": [
        {
          "schema_version": 0,
          "attributes": {
            "gateway_id": "",
            "id": "rtbassoc-0ddcd8ecca4ff680b",
            "route_table_id": "rtb-04f3136fdf2fa4253",
            "subnet_id": "subnet-081a2f62cc3af0733",
            "timeouts": null
          },
          "sensitive_attributes": [],
          "private": "eyJlMmJmYjczMC1lY2FhLTExZTYtOGY4OC0zNDM2M2JjN2M0YzAiOnsiY3JlYXRlIjozMDAwMDAwMDAwMDAsImRlbGV0ZSI6MzAwMDAwMDAwMDAwLCJ1cGRhdGUiOjEyMDAwMDAwMDAwMH19",
          "dependencies": [
            "aws_eip.elasticIP",
            "aws_nat_gateway.nat",
            "aws_route_table.prirt",
            "aws_subnet.prisub",
            "aws_subnet.pubsub",
            "aws_vpc.myvpc"
          ]
        }
      ]
    },
    {
      "mode": "managed",
      "type": "aws_route_table_association",
      "name": "pubrtassoci",
      "provider": "provider[\"registry.terraform.io/hashicorp/aws\"]",
      "instances": [
        {
          "schema_version": 0,
          "attributes": {
            "gateway_id": "",
            "id": "rtbassoc-0985616471ef3c6ba",
            "route_table_id": "rtb-0a208d11feb17e34f",
            "subnet_id": "subnet-0377e6cf9244e4586",
            "timeouts": null
          },
          "sensitive_attributes": [],
          "private": "eyJlMmJmYjczMC1lY2FhLTExZTYtOGY4OC0zNDM2M2JjN2M0YzAiOnsiY3JlYXRlIjozMDAwMDAwMDAwMDAsImRlbGV0ZSI6MzAwMDAwMDAwMDAwLCJ1cGRhdGUiOjEyMDAwMDAwMDAwMH19",
          "dependencies": [
            "aws_internet_gateway.igw",
            "aws_route_table.pubrt",
            "aws_subnet.pubsub",
            "aws_vpc.myvpc"
          ]
        }
      ]
    },
    {
      "mode": "managed",
      "type": "aws_security_group",
      "name": "allow_all",
      "provider": "provider[\"registry.terraform.io/hashicorp/aws\"]",
      "instances": [
        {
          "schema_version": 1,
          "attributes": {
            "arn": "arn:aws:ec2:ap-south-1:262108613719:security-group/sg-01ed572c8df9dda54",
            "description": "Allow TLS inbound traffic and all outbound traffic",
            "egress": [
              {
                "cidr_blocks": [
                  "0.0.0.0/0"
                ],
                "description": "",
                "from_port": 0,
                "ipv6_cidr_blocks": [],
                "prefix_list_ids": [],
                "protocol": "-1",
                "security_groups": [],
                "self": false,
                "to_port": 0
              }
            ],
            "id": "sg-01ed572c8df9dda54",
            "ingress": [
              {
                "cidr_blocks": [
                  "0.0.0.0/0"
                ],
                "description": "",
                "from_port": 22,
                "ipv6_cidr_blocks": [],
                "prefix_list_ids": [],
                "protocol": "tcp",
                "security_groups": [],
                "self": false,
                "to_port": 22
              },
              {
                "cidr_blocks": [
                  "0.0.0.0/0"
                ],
                "description": "",
                "from_port": 443,
                "ipv6_cidr_blocks": [],
                "prefix_list_ids": [],
                "protocol": "tcp",
                "security_groups": [],
                "self": false,
                "to_port": 443
              },
              {
                "cidr_blocks": [
                  "0.0.0.0/0"
                ],
                "description": "",
                "from_port": 80,
                "ipv6_cidr_blocks": [],
                "prefix_list_ids": [],
                "protocol": "tcp",
                "security_groups": [],
                "self": false,
                "to_port": 80
              }
            ],
            "name": "allow_all",
            "name_prefix": "",
            "owner_id": "262108613719",
            "revoke_rules_on_delete": false,
            "tags": {
              "Name": "allow_all"
            },
            "tags_all": {
              "Name": "allow_all"
            },
            "timeouts": null,
            "vpc_id": "vpc-0306291e1584e6c51"
          },
          "sensitive_attributes": [],
          "private": "eyJlMmJmYjczMC1lY2FhLTExZTYtOGY4OC0zNDM2M2JjN2M0YzAiOnsiY3JlYXRlIjo2MDAwMDAwMDAwMDAsImRlbGV0ZSI6OTAwMDAwMDAwMDAwfSwic2NoZW1hX3ZlcnNpb24iOiIxIn0=",
          "dependencies": [
            "aws_vpc.myvpc"
          ]
        }
      ]
    },
    {
      "mode": "managed",
      "type": "aws_subnet",
      "name": "prisub",
      "provider": "provider[\"registry.terraform.io/hashicorp/aws\"]",
      "instances": [
        {
          "schema_version": 1,
          "attributes": {
            "arn": "arn:aws:ec2:ap-south-1:262108613719:subnet/subnet-081a2f62cc3af0733",
            "assign_ipv6_address_on_creation": false,
            "availability_zone": "ap-south-1b",
            "availability_zone_id": "aps1-az3",
            "cidr_block": "10.0.2.0/24",
            "customer_owned_ipv4_pool": "",
            "enable_dns64": false,
            "enable_lni_at_device_index": 0,
            "enable_resource_name_dns_a_record_on_launch": false,
            "enable_resource_name_dns_aaaa_record_on_launch": false,
            "id": "subnet-081a2f62cc3af0733",
            "ipv6_cidr_block": "",
            "ipv6_cidr_block_association_id": "",
            "ipv6_native": false,
            "map_customer_owned_ip_on_launch": false,
            "map_public_ip_on_launch": false,
            "outpost_arn": "",
            "owner_id": "262108613719",
            "private_dns_hostname_type_on_launch": "ip-name",
            "tags": {
              "Name": "prilicsub"
            },
            "tags_all": {
              "Name": "prilicsub"
            },
            "timeouts": null,
            "vpc_id": "vpc-0306291e1584e6c51"
          },
          "sensitive_attributes": [],
          "private": "eyJlMmJmYjczMC1lY2FhLTExZTYtOGY4OC0zNDM2M2JjN2M0YzAiOnsiY3JlYXRlIjo2MDAwMDAwMDAwMDAsImRlbGV0ZSI6MTIwMDAwMDAwMDAwMH0sInNjaGVtYV92ZXJzaW9uIjoiMSJ9",
          "dependencies": [
            "aws_vpc.myvpc"
          ]
        }
      ]
    },
    {
      "mode": "managed",
      "type": "aws_subnet",
      "name": "pubsub",
      "provider": "provider[\"registry.terraform.io/hashicorp/aws\"]",
      "instances": [
        {
          "schema_version": 1,
          "attributes": {
            "arn": "arn:aws:ec2:ap-south-1:262108613719:subnet/subnet-0377e6cf9244e4586",
            "assign_ipv6_address_on_creation": false,
            "availability_zone": "ap-south-1a",
            "availability_zone_id": "aps1-az1",
            "cidr_block": "10.0.1.0/24",
            "customer_owned_ipv4_pool": "",
            "enable_dns64": false,
            "enable_lni_at_device_index": 0,
            "enable_resource_name_dns_a_record_on_launch": false,
            "enable_resource_name_dns_aaaa_record_on_launch": false,
            "id": "subnet-0377e6cf9244e4586",
            "ipv6_cidr_block": "",
            "ipv6_cidr_block_association_id": "",
            "ipv6_native": false,
            "map_customer_owned_ip_on_launch": false,
            "map_public_ip_on_launch": false,
            "outpost_arn": "",
            "owner_id": "262108613719",
            "private_dns_hostname_type_on_launch": "ip-name",
            "tags": {
              "Name": "publicsub"
            },
            "tags_all": {
              "Name": "publicsub"
            },
            "timeouts": null,
            "vpc_id": "vpc-0306291e1584e6c51"
          },
          "sensitive_attributes": [],
          "private": "eyJlMmJmYjczMC1lY2FhLTExZTYtOGY4OC0zNDM2M2JjN2M0YzAiOnsiY3JlYXRlIjo2MDAwMDAwMDAwMDAsImRlbGV0ZSI6MTIwMDAwMDAwMDAwMH0sInNjaGVtYV92ZXJzaW9uIjoiMSJ9",
          "dependencies": [
            "aws_vpc.myvpc"
          ]
        }
      ]
    },
    {
      "mode": "managed",
      "type": "aws_vpc",
      "name": "myvpc",
      "provider": "provider[\"registry.terraform.io/hashicorp/aws\"]",
      "instances": [
        {
          "schema_version": 1,
          "attributes": {
            "arn": "arn:aws:ec2:ap-south-1:262108613719:vpc/vpc-0306291e1584e6c51",
            "assign_generated_ipv6_cidr_block": false,
            "cidr_block": "10.0.0.0/16",
            "default_network_acl_id": "acl-0fdc81ecf63438d58",
            "default_route_table_id": "rtb-07e6a37b5db6b362b",
            "default_security_group_id": "sg-09f51c6a1a305ee90",
            "dhcp_options_id": "dopt-07e151b8e6aa60de5",
            "enable_dns_hostnames": false,
            "enable_dns_support": true,
            "enable_network_address_usage_metrics": false,
            "id": "vpc-0306291e1584e6c51",
            "instance_tenancy": "default",
            "ipv4_ipam_pool_id": null,
            "ipv4_netmask_length": null,
            "ipv6_association_id": "",
            "ipv6_cidr_block": "",
            "ipv6_cidr_block_network_border_group": "",
            "ipv6_ipam_pool_id": "",
            "ipv6_netmask_length": 0,
            "main_route_table_id": "rtb-07e6a37b5db6b362b",
            "owner_id": "262108613719",
            "tags": {
              "Name": "MY-VPC"
            },
            "tags_all": {
              "Name": "MY-VPC"
            }
          },
          "sensitive_attributes": [],
          "private": "eyJzY2hlbWFfdmVyc2lvbiI6IjEifQ=="
        }
      ]
    },
    {
      "mode": "managed",
      "type": "aws_vpc_security_group_egress_rule",
      "name": "allow_all_traffic_ipv4",
      "provider": "provider[\"registry.terraform.io/hashicorp/aws\"]",
      "instances": [
        {
          "schema_version": 0,
          "attributes": {
            "arn": "arn:aws:ec2:ap-south-1:262108613719:security-group-rule/sgr-0fcf0b080e2220a38",
            "cidr_ipv4": "0.0.0.0/0",
            "cidr_ipv6": null,
            "description": null,
            "from_port": null,
            "id": "sgr-0fcf0b080e2220a38",
            "ip_protocol": "-1",
            "prefix_list_id": null,
            "referenced_security_group_id": null,
            "security_group_id": "sg-01ed572c8df9dda54",
            "security_group_rule_id": "sgr-0fcf0b080e2220a38",
            "tags": null,
            "tags_all": {},
            "to_port": null
          },
          "sensitive_attributes": [],
          "dependencies": [
            "aws_security_group.allow_all",
            "aws_vpc.myvpc"
          ]
        }
      ]
    },
    {
      "mode": "managed",
      "type": "aws_vpc_security_group_ingress_rule",
      "name": "allow_all_http",
      "provider": "provider[\"registry.terraform.io/hashicorp/aws\"]",
      "instances": [
        {
          "schema_version": 0,
          "attributes": {
            "arn": "arn:aws:ec2:ap-south-1:262108613719:security-group-rule/sgr-09985ba3526a9b5c9",
            "cidr_ipv4": "0.0.0.0/0",
            "cidr_ipv6": null,
            "description": null,
            "from_port": 80,
            "id": "sgr-09985ba3526a9b5c9",
            "ip_protocol": "tcp",
            "prefix_list_id": null,
            "referenced_security_group_id": null,
            "security_group_id": "sg-01ed572c8df9dda54",
            "security_group_rule_id": "sgr-09985ba3526a9b5c9",
            "tags": null,
            "tags_all": {},
            "to_port": 80
          },
          "sensitive_attributes": [],
          "dependencies": [
            "aws_security_group.allow_all",
            "aws_vpc.myvpc"
          ]
        }
      ]
    },
    {
      "mode": "managed",
      "type": "aws_vpc_security_group_ingress_rule",
      "name": "allow_all_https",
      "provider": "provider[\"registry.terraform.io/hashicorp/aws\"]",
      "instances": [
        {
          "schema_version": 0,
          "attributes": {
            "arn": "arn:aws:ec2:ap-south-1:262108613719:security-group-rule/sgr-0bc4ac5c62205d04b",
            "cidr_ipv4": "0.0.0.0/0",
            "cidr_ipv6": null,
            "description": null,
            "from_port": 443,
            "id": "sgr-0bc4ac5c62205d04b",
            "ip_protocol": "tcp",
            "prefix_list_id": null,
            "referenced_security_group_id": null,
            "security_group_id": "sg-01ed572c8df9dda54",
            "security_group_rule_id": "sgr-0bc4ac5c62205d04b",
            "tags": null,
            "tags_all": {},
            "to_port": 443
          },
          "sensitive_attributes": [],
          "dependencies": [
            "aws_security_group.allow_all",
            "aws_vpc.myvpc"
          ]
        }
      ]
    },
    {
      "mode": "managed",
      "type": "aws_vpc_security_group_ingress_rule",
      "name": "allow_all_ssh",
      "provider": "provider[\"registry.terraform.io/hashicorp/aws\"]",
      "instances": [
        {
          "schema_version": 0,
          "attributes": {
            "arn": "arn:aws:ec2:ap-south-1:262108613719:security-group-rule/sgr-07ae39997b7cb198a",
            "cidr_ipv4": "0.0.0.0/0",
            "cidr_ipv6": null,
            "description": null,
            "from_port": 22,
            "id": "sgr-07ae39997b7cb198a",
            "ip_protocol": "tcp",
            "prefix_list_id": null,
            "referenced_security_group_id": null,
            "security_group_id": "sg-01ed572c8df9dda54",
            "security_group_rule_id": "sgr-07ae39997b7cb198a",
            "tags": null,
            "tags_all": {},
            "to_port": 22
          },
          "sensitive_attributes": [],
          "dependencies": [
            "aws_security_group.allow_all",
            "aws_vpc.myvpc"
          ]
        }
      ]
    },
    {
      "mode": "managed",
      "type": "local_file",
      "name": "TF_key",
      "provider": "provider[\"registry.terraform.io/hashicorp/local\"]",
      "instances": [
        {
          "schema_version": 0,
          "attributes": {
            "content": "-----BEGIN RSA PRIVATE KEY-----\nMIIJJwIBAAKCAgEA0nGJKGD0f2XXrRScGy3rEMcCYN6gG1GuduwTq2G891lpcrUm\nQ/uVgdYmdk/Y0tVR9i1DCdFB49k+6fh/CJlE52ca+ezb79dtA/98WIfUNTTEuzHM\nQVTap/HcrRxJPwRYSFigfaHIQQE0eOuvvfWoPfP2bP3Ul8XePHqBU+O0EKbSxvS1\nYlJiINX1BvsRFKkbWJU0jGvcmugaiuLvHw4sux4W0J5TXF79H+6hhXlLpdQB5A+c\n5hh/OFTWr3RjT903v8hT/823Jiv0qE7dt1XmRiDXDpfFktTexUkn+myCKYbkyruv\nhwBSeRTGNMsKUEswTEZfsW/gL1XDdtg2hPb3rK8RPSa1K2Gilu9vnAd6aB3lkqIE\n/0fDyRLM5qAjbTfSsgnPnYGktIacc6DdbThYpfHVSayvh8reZd+/mZVyijvJh1RK\nBXViMYZIJ25siZR9kO9KdYV5REStvKYw8f0fS259w2a371t6pDco2mJnniAnUTyc\nbfSEMI0SEZZ3MkCHNjonWGeUORjXh9fbGFD/qc4tzSKvmNEE1jHFQ/T6yys1pVc5\nE00IKrgcOwbR2FXwK1SP+HW2b+oVmIiTJFDaDlDotEHfHe3gYmaHqFodzemdPQp0\noKDVUvUgHnwsNHQ3IsuRh+IP6Ajgo/O5/i58wsx4sdHRuxEFEFj4M0/oYUUCAwEA\nAQKCAgAOsZ7CEwL/Yj0M+MNtomcnZL3lxaWoQqvL4e/9p3VqT/Ps7nkdhhOKXUmS\nOUEKd5qhdceYh+Px5NlfvNoh35HQFoLrsH4q4P/bp5snE1Td4jFaYL/CUAp0b47Z\nB4CVxdfkNUv/eaxh3ZOsXciHmv+EU+SA97hAYLCDyIn/MYcBIqTU/4EqvFXdtRLG\nygEHUEd4h/KDW4SrzEkOKYpIwNSevBsbtfJcIMXL1P2yNCX0DjmTkwOBjXRUmpfi\n6F2G1gtueK5kzhhbsfYDSn5wrq7FdsWNX0uMVRC49cK02Z69B44yGajH5F3d1nWA\neizeLmHQ8Zj86rLcm0Bqq+4impvwckXlXGbl2C8NMZweLetW/geg6q6H94vr17Ey\nLq+J+q+VGNocl0R+hRVpCPrnc8OJGmH6uM/ZEeyf5azHj/wrHl8bpyADsReel4vg\nGE1BvTolYtCZw5ZZbawfDKCtLfgMZaU994ZV3JjuAx5eQGdgxTsqjtVF1PjgNxi4\nMEGYUuB3hkTLEhjbbU969h3dFOtBlaqxTld/RbyYLQrTTIlwYYrknp9NYg1Hce01\nABKGruKSOES6DTPh2SmDTMlKghJsQcK/a5J20N3ihdnpSHeU4sKm0WaC7GOl0OCG\ncB7Jt4D0CPUSuYtgNB5TTSqsZ8EO/mdEaLdcEiRXZdhsExvEAQKCAQEA1rfnAR7b\nOlEQPUqXNVtMl7d7+dIivbQA5LxqehGUkWMIAXvatlzfTEb038v0Kx0mpvi5LWAR\nFSHjqQfpwZa4lgR05dHtcXYX28InG9mabOZxwujFTeaHD1GPlxcO1o+IQmtfYsJm\ngiguF3p+Zzs7Ur7bEfEFvn3xxjPAP5tTEQskYiGnBH7I9W5vGP8kb3BBe211veDQ\nj/4/Mb+C3oBPMOMSdjEoDnQRNOPxLvP1xynbJK2j/Kz/IbGD2SJ1PT41WDovROsF\nYHABuUIIkawfj2Bx9E0/+287b6jp8SsbH8JtmVSzdqcG9m/SAf7aHKY/5SJR1LjC\nh5q9BEDmb1DzHQKCAQEA+uc7KkWgw7AbPwzc3+kgXt9g0kyr3RbA0SOf9aNDfZ8d\n7J+KU0adMg7jGJFy3Eg0OFbogkysUSqBMKNBA/xRDtHwEZ7fj9Io7fdAiVLR7L5c\nNeSQp3R49JofJJlWsefMQJFLIibpWy4QTYiwMJCSbsEWueVT8hGXZM1ZycezEz6e\n5MJ8MLz2DxunpjKZUeB/i1noyltyeosuoPk0JPuNQ/xMh00Qw1pIGjt7Oeg/kdZd\nAdhaoW6j+BdMuXofOV/4EOe9eUSFkabKFxgFsR96wMC7pJ/5i/fe4Glek6m5M6Kb\nlDCKNAT6Kcu0qHIaFnSRQWSKDzyB2fOjUgpwCVPmSQKCAQAAoeADR9T7cfurQon5\ndUBffgHWdYD2sA4Enm1t2JloaDNA1d2KBfH+ZoMYGaCpc9eGTFs3P/4s4sGp4MUW\nddwrTO4PMzQQznk5g3PcCCMFSRRyr37NQO2K5QGYP1Ai359WGrzYLJxiq72fAhRX\nN3xwPPGmNuB+dB5/J+3cAhgXh8HerByyzbDH0EBxgWbZESqQM31SRtQ2aFhFTDwV\nbalOCo0mXfSxPjRCxJ0UN1G0+XGUxRIjj1rc/YnW3Nwdhw5fKSS0fkCwzQOkSQZ/\nb1NUd8M+JfAXTHePV58Av9C/ojHybqZspgdGOIQUz2xTA0ZS5Wv6RWUFQzZlSc+j\n6kgdAoIBAAPPLOvIYNd3vgIoDNZtcKtgEtU+isFxjf3e35fYIbcvikHEblIzWUGg\nTjxaQPctNXXBhAguZ9NXpNx7LgqEcyqZb16lHdnOJAbw4Q70rfE9NqMu1C9mqkt0\nZ5KjrVhIH6a/Tfe3xYU33tF+iMZD+6Uo01KBM9QSBk1mfL1+ha5+HeV1OnN2+vlh\nvxrb284NbYJNHCauWr+Xi16wSeVh2FQ26WaIef+tSDj1vDo113k8Wu8jPMUErAKh\nP+3097JkTZzcF9lWe/ypHppZKAT3aGKyymaGc0B3w+9+SgxN4FzzVA9c6Uw+4xlt\nWVHRYaoDnQz0HNB8Z7BKbalaNTc/CdkCggEAGvQ3Gq54Augn8k8CzckGxwBynQSX\nadiYg7E0RdINZgFNTJdzQSXqfydiD3IYoyQkDljGP/kOqAm8DAMC8337a2tuYT0r\ncDCn3IUeIykfigpbMQYMzaQ3ttlG116YA5frCt/fiRy9BapMRLsfcN1XCCGo0nPy\nSw9SrtWrYJTCOA39vMpsO6Drmp2aCQXfkPGIglFjPgOwjT0dRtXayqavY0jPimE0\niHeyU/AQ9TNhWRh1d6NvLHqryxZPLsODNSdN0uPSszH8dASkCsjEbq6No1JQtMjz\nFBkgMACYr1Yt304JBdHoBsGxQ/shAyHlfe7eQhePzVuCvA1VATnrP7X0ng==\n-----END RSA PRIVATE KEY-----\n",
            "content_base64": null,
            "content_base64sha256": "wX+u9O1GoZ4+v9jPMPxdW69GLoBN6hjtZfgonxPo56w=",
            "content_base64sha512": "SsJHDfQx7dVKboDob6kv4RyrF/mqS1AUQhf2cFHAt5U0JizVDBPoF0k08zHhZojLt3fcoBsW+epZb6c7a5+21g==",
            "content_md5": "f91ef0993ea69d471d446e7dbceddcf1",
            "content_sha1": "26da2e875d3b5b0348aaf435cb3b869fcabc3589",
            "content_sha256": "c17faef4ed46a19e3ebfd8cf30fc5d5baf462e804dea18ed65f8289f13e8e7ac",
            "content_sha512": "4ac2470df431edd54a6e80e86fa92fe11cab17f9aa4b50144217f67051c0b79534262cd50c13e8174934f331e16688cbb777dca01b16f9ea596fa73b6b9fb6d6",
            "directory_permission": "0777",
            "file_permission": "0777",
            "filename": "terraform_key",
            "id": "26da2e875d3b5b0348aaf435cb3b869fcabc3589",
            "sensitive_content": null,
            "source": null
          },
          "sensitive_attributes": [
            [
              {
                "type": "get_attr",
                "value": "content"
              }
            ]
          ],
          "dependencies": [
            "tls_private_key.rsa"
          ]
        }
      ]
    },
    {
      "mode": "managed",
      "type": "tls_private_key",
      "name": "rsa",
      "provider": "provider[\"registry.terraform.io/hashicorp/tls\"]",
      "instances": [
        {
          "schema_version": 1,
          "attributes": {
            "algorithm": "RSA",
            "ecdsa_curve": "P224",
            "id": "d538bbca8e13a9fbc4d4fe60999b1ff28d6592a1",
            "private_key_openssh": "-----BEGIN OPENSSH PRIVATE KEY-----\nb3BlbnNzaC1rZXktdjEAAAAABG5vbmUAAAAEbm9uZQAAAAAAAAABAAACFwAAAAdz\nc2gtcnNhAAAAAwEAAQAAAgEA0nGJKGD0f2XXrRScGy3rEMcCYN6gG1GuduwTq2G8\n91lpcrUmQ/uVgdYmdk/Y0tVR9i1DCdFB49k+6fh/CJlE52ca+ezb79dtA/98WIfU\nNTTEuzHMQVTap/HcrRxJPwRYSFigfaHIQQE0eOuvvfWoPfP2bP3Ul8XePHqBU+O0\nEKbSxvS1YlJiINX1BvsRFKkbWJU0jGvcmugaiuLvHw4sux4W0J5TXF79H+6hhXlL\npdQB5A+c5hh/OFTWr3RjT903v8hT/823Jiv0qE7dt1XmRiDXDpfFktTexUkn+myC\nKYbkyruvhwBSeRTGNMsKUEswTEZfsW/gL1XDdtg2hPb3rK8RPSa1K2Gilu9vnAd6\naB3lkqIE/0fDyRLM5qAjbTfSsgnPnYGktIacc6DdbThYpfHVSayvh8reZd+/mZVy\nijvJh1RKBXViMYZIJ25siZR9kO9KdYV5REStvKYw8f0fS259w2a371t6pDco2mJn\nniAnUTycbfSEMI0SEZZ3MkCHNjonWGeUORjXh9fbGFD/qc4tzSKvmNEE1jHFQ/T6\nyys1pVc5E00IKrgcOwbR2FXwK1SP+HW2b+oVmIiTJFDaDlDotEHfHe3gYmaHqFod\nzemdPQp0oKDVUvUgHnwsNHQ3IsuRh+IP6Ajgo/O5/i58wsx4sdHRuxEFEFj4M0/o\nYUUAAAc4oBu3dqAbt3YAAAAHc3NoLXJzYQAAAgEA0nGJKGD0f2XXrRScGy3rEMcC\nYN6gG1GuduwTq2G891lpcrUmQ/uVgdYmdk/Y0tVR9i1DCdFB49k+6fh/CJlE52ca\n+ezb79dtA/98WIfUNTTEuzHMQVTap/HcrRxJPwRYSFigfaHIQQE0eOuvvfWoPfP2\nbP3Ul8XePHqBU+O0EKbSxvS1YlJiINX1BvsRFKkbWJU0jGvcmugaiuLvHw4sux4W\n0J5TXF79H+6hhXlLpdQB5A+c5hh/OFTWr3RjT903v8hT/823Jiv0qE7dt1XmRiDX\nDpfFktTexUkn+myCKYbkyruvhwBSeRTGNMsKUEswTEZfsW/gL1XDdtg2hPb3rK8R\nPSa1K2Gilu9vnAd6aB3lkqIE/0fDyRLM5qAjbTfSsgnPnYGktIacc6DdbThYpfHV\nSayvh8reZd+/mZVyijvJh1RKBXViMYZIJ25siZR9kO9KdYV5REStvKYw8f0fS259\nw2a371t6pDco2mJnniAnUTycbfSEMI0SEZZ3MkCHNjonWGeUORjXh9fbGFD/qc4t\nzSKvmNEE1jHFQ/T6yys1pVc5E00IKrgcOwbR2FXwK1SP+HW2b+oVmIiTJFDaDlDo\ntEHfHe3gYmaHqFodzemdPQp0oKDVUvUgHnwsNHQ3IsuRh+IP6Ajgo/O5/i58wsx4\nsdHRuxEFEFj4M0/oYUUAAAADAQABAAACAA6xnsITAv9iPQz4w22iZydkveXFpahC\nq8vh7/2ndWpP8+zueR2GE4pdSZI5QQp3mqF1x5iH4/Hk2V+82iHfkdAWguuwfirg\n/9unmycTVN3iMVpgv8JQCnRvjtkHgJXF1+Q1S/95rGHdk6xdyIea/4RT5ID3uEBg\nsIPIif8xhwEipNT/gSq8Vd21EsbKAQdQR3iH8oNbhKvMSQ4pikjA1J68Gxu18lwg\nxcvU/bI0JfQOOZOTA4GNdFSal+LoXYbWC254rmTOGFux9gNKfnCursV2xY1fS4xV\nELj1wrTZnr0HjjIZqMfkXd3WdYB6LN4uYdDxmPzqstybQGqr7iKam/ByReVcZuXY\nLw0xnB4t61b+B6Dqrof3i+vXsTIur4n6r5UY2hyXRH6FFWkI+udzw4kaYfq4z9kR\n7J/lrMeP/CseXxunIAOxF56Xi+AYTUG9OiVi0JnDllltrB8MoK0t+AxlpT33hlXc\nmO4DHl5AZ2DFOyqO1UXU+OA3GLgwQZhS4HeGRMsSGNttT3r2Hd0U60GVqrFOV39F\nvJgtCtNMiXBhiuSen01iDUdx7TUAEoau4pI4RLoNM+HZKYNMyUqCEmxBwr9rknbQ\n3eKF2elId5TiwqbRZoLsY6XQ4IZwHsm3gPQI9RK5i2A0HlNNKqxnwQ7+Z0Rot1wS\nJFdl2GwTG8QBAAABABr0NxqueALoJ/JPAs3JBscAcp0El2nYmIOxNEXSDWYBTUyX\nc0El6n8nYg9yGKMkJA5Yxj/5DqgJvAwDAvN9+2trbmE9K3Awp9yFHiMpH4oKWzEG\nDM2kN7bZRtdemAOX6wrf34kcvQWqTES7H3DdVwghqNJz8ksPUq7Vq2CUwjgN/bzK\nbDug65qdmgkF35DxiIJRYz4DsI09HUbV2sqmr2NIz4phNIh3slPwEPUzYVkYdXej\nbyx6q8sWTy7DgzUnTdLj0rMx/HQEpArIxG6ujaNSULTI8xQZIDAAmK9WLd9OCQXR\n6AbBsUP7IQMh5X3u3kIXj81bgrwNVQE56z+19J4AAAEBANa35wEe2zpRED1KlzVb\nTJe3e/nSIr20AOS8anoRlJFjCAF72rZc30xG9N/L9CsdJqb4uS1gERUh46kH6cGW\nuJYEdOXR7XF2F9vCJxvZmmzmccLoxU3mhw9Rj5cXDtaPiEJrX2LCZoIoLhd6fmc7\nO1K+2xHxBb598cYzwD+bUxELJGIhpwR+yPVubxj/JG9wQXttdb3g0I/+PzG/gt6A\nTzDjEnYxKA50ETTj8S7z9ccp2ySto/ys/yGxg9kidT0+NVg6L0TrBWBwAblCCJGs\nH49gcfRNP/tvO2+o6fErGx/CbZlUs3anBvZv0gH+2hymP+UiUdS4woeavQRA5m9Q\n8x0AAAEBAPrnOypFoMOwGz8M3N/pIF7fYNJMq90WwNEjn/WjQ32fHeyfilNGnTIO\n4xiRctxINDhW6IJMrFEqgTCjQQP8UQ7R8BGe34/SKO33QIlS0ey+XDXkkKd0ePSa\nHySZVrHnzECRSyIm6VsuEE2IsDCQkm7BFrnlU/IRl2TNWcnHsxM+nuTCfDC89g8b\np6YymVHgf4tZ6MpbcnqLLqD5NCT7jUP8TIdNEMNaSBo7eznoP5HWXQHYWqFuo/gX\nTLl6Hzlf+BDnvXlEhZGmyhcYBbEfesDAu6Sf+Yv33uBpXpOpuTOim5QwijQE+inL\ntKhyGhZ0kUFkig88gdnzo1IKcAlT5kkAAAAAAQID\n-----END OPENSSH PRIVATE KEY-----\n",
            "private_key_pem": "-----BEGIN RSA PRIVATE KEY-----\nMIIJJwIBAAKCAgEA0nGJKGD0f2XXrRScGy3rEMcCYN6gG1GuduwTq2G891lpcrUm\nQ/uVgdYmdk/Y0tVR9i1DCdFB49k+6fh/CJlE52ca+ezb79dtA/98WIfUNTTEuzHM\nQVTap/HcrRxJPwRYSFigfaHIQQE0eOuvvfWoPfP2bP3Ul8XePHqBU+O0EKbSxvS1\nYlJiINX1BvsRFKkbWJU0jGvcmugaiuLvHw4sux4W0J5TXF79H+6hhXlLpdQB5A+c\n5hh/OFTWr3RjT903v8hT/823Jiv0qE7dt1XmRiDXDpfFktTexUkn+myCKYbkyruv\nhwBSeRTGNMsKUEswTEZfsW/gL1XDdtg2hPb3rK8RPSa1K2Gilu9vnAd6aB3lkqIE\n/0fDyRLM5qAjbTfSsgnPnYGktIacc6DdbThYpfHVSayvh8reZd+/mZVyijvJh1RK\nBXViMYZIJ25siZR9kO9KdYV5REStvKYw8f0fS259w2a371t6pDco2mJnniAnUTyc\nbfSEMI0SEZZ3MkCHNjonWGeUORjXh9fbGFD/qc4tzSKvmNEE1jHFQ/T6yys1pVc5\nE00IKrgcOwbR2FXwK1SP+HW2b+oVmIiTJFDaDlDotEHfHe3gYmaHqFodzemdPQp0\noKDVUvUgHnwsNHQ3IsuRh+IP6Ajgo/O5/i58wsx4sdHRuxEFEFj4M0/oYUUCAwEA\nAQKCAgAOsZ7CEwL/Yj0M+MNtomcnZL3lxaWoQqvL4e/9p3VqT/Ps7nkdhhOKXUmS\nOUEKd5qhdceYh+Px5NlfvNoh35HQFoLrsH4q4P/bp5snE1Td4jFaYL/CUAp0b47Z\nB4CVxdfkNUv/eaxh3ZOsXciHmv+EU+SA97hAYLCDyIn/MYcBIqTU/4EqvFXdtRLG\nygEHUEd4h/KDW4SrzEkOKYpIwNSevBsbtfJcIMXL1P2yNCX0DjmTkwOBjXRUmpfi\n6F2G1gtueK5kzhhbsfYDSn5wrq7FdsWNX0uMVRC49cK02Z69B44yGajH5F3d1nWA\neizeLmHQ8Zj86rLcm0Bqq+4impvwckXlXGbl2C8NMZweLetW/geg6q6H94vr17Ey\nLq+J+q+VGNocl0R+hRVpCPrnc8OJGmH6uM/ZEeyf5azHj/wrHl8bpyADsReel4vg\nGE1BvTolYtCZw5ZZbawfDKCtLfgMZaU994ZV3JjuAx5eQGdgxTsqjtVF1PjgNxi4\nMEGYUuB3hkTLEhjbbU969h3dFOtBlaqxTld/RbyYLQrTTIlwYYrknp9NYg1Hce01\nABKGruKSOES6DTPh2SmDTMlKghJsQcK/a5J20N3ihdnpSHeU4sKm0WaC7GOl0OCG\ncB7Jt4D0CPUSuYtgNB5TTSqsZ8EO/mdEaLdcEiRXZdhsExvEAQKCAQEA1rfnAR7b\nOlEQPUqXNVtMl7d7+dIivbQA5LxqehGUkWMIAXvatlzfTEb038v0Kx0mpvi5LWAR\nFSHjqQfpwZa4lgR05dHtcXYX28InG9mabOZxwujFTeaHD1GPlxcO1o+IQmtfYsJm\ngiguF3p+Zzs7Ur7bEfEFvn3xxjPAP5tTEQskYiGnBH7I9W5vGP8kb3BBe211veDQ\nj/4/Mb+C3oBPMOMSdjEoDnQRNOPxLvP1xynbJK2j/Kz/IbGD2SJ1PT41WDovROsF\nYHABuUIIkawfj2Bx9E0/+287b6jp8SsbH8JtmVSzdqcG9m/SAf7aHKY/5SJR1LjC\nh5q9BEDmb1DzHQKCAQEA+uc7KkWgw7AbPwzc3+kgXt9g0kyr3RbA0SOf9aNDfZ8d\n7J+KU0adMg7jGJFy3Eg0OFbogkysUSqBMKNBA/xRDtHwEZ7fj9Io7fdAiVLR7L5c\nNeSQp3R49JofJJlWsefMQJFLIibpWy4QTYiwMJCSbsEWueVT8hGXZM1ZycezEz6e\n5MJ8MLz2DxunpjKZUeB/i1noyltyeosuoPk0JPuNQ/xMh00Qw1pIGjt7Oeg/kdZd\nAdhaoW6j+BdMuXofOV/4EOe9eUSFkabKFxgFsR96wMC7pJ/5i/fe4Glek6m5M6Kb\nlDCKNAT6Kcu0qHIaFnSRQWSKDzyB2fOjUgpwCVPmSQKCAQAAoeADR9T7cfurQon5\ndUBffgHWdYD2sA4Enm1t2JloaDNA1d2KBfH+ZoMYGaCpc9eGTFs3P/4s4sGp4MUW\nddwrTO4PMzQQznk5g3PcCCMFSRRyr37NQO2K5QGYP1Ai359WGrzYLJxiq72fAhRX\nN3xwPPGmNuB+dB5/J+3cAhgXh8HerByyzbDH0EBxgWbZESqQM31SRtQ2aFhFTDwV\nbalOCo0mXfSxPjRCxJ0UN1G0+XGUxRIjj1rc/YnW3Nwdhw5fKSS0fkCwzQOkSQZ/\nb1NUd8M+JfAXTHePV58Av9C/ojHybqZspgdGOIQUz2xTA0ZS5Wv6RWUFQzZlSc+j\n6kgdAoIBAAPPLOvIYNd3vgIoDNZtcKtgEtU+isFxjf3e35fYIbcvikHEblIzWUGg\nTjxaQPctNXXBhAguZ9NXpNx7LgqEcyqZb16lHdnOJAbw4Q70rfE9NqMu1C9mqkt0\nZ5KjrVhIH6a/Tfe3xYU33tF+iMZD+6Uo01KBM9QSBk1mfL1+ha5+HeV1OnN2+vlh\nvxrb284NbYJNHCauWr+Xi16wSeVh2FQ26WaIef+tSDj1vDo113k8Wu8jPMUErAKh\nP+3097JkTZzcF9lWe/ypHppZKAT3aGKyymaGc0B3w+9+SgxN4FzzVA9c6Uw+4xlt\nWVHRYaoDnQz0HNB8Z7BKbalaNTc/CdkCggEAGvQ3Gq54Augn8k8CzckGxwBynQSX\nadiYg7E0RdINZgFNTJdzQSXqfydiD3IYoyQkDljGP/kOqAm8DAMC8337a2tuYT0r\ncDCn3IUeIykfigpbMQYMzaQ3ttlG116YA5frCt/fiRy9BapMRLsfcN1XCCGo0nPy\nSw9SrtWrYJTCOA39vMpsO6Drmp2aCQXfkPGIglFjPgOwjT0dRtXayqavY0jPimE0\niHeyU/AQ9TNhWRh1d6NvLHqryxZPLsODNSdN0uPSszH8dASkCsjEbq6No1JQtMjz\nFBkgMACYr1Yt304JBdHoBsGxQ/shAyHlfe7eQhePzVuCvA1VATnrP7X0ng==\n-----END RSA PRIVATE KEY-----\n",
            "private_key_pem_pkcs8": "-----BEGIN PRIVATE KEY-----\nMIIJQQIBADANBgkqhkiG9w0BAQEFAASCCSswggknAgEAAoICAQDScYkoYPR/Zdet\nFJwbLesQxwJg3qAbUa527BOrYbz3WWlytSZD+5WB1iZ2T9jS1VH2LUMJ0UHj2T7p\n+H8ImUTnZxr57Nvv120D/3xYh9Q1NMS7McxBVNqn8dytHEk/BFhIWKB9ochBATR4\n66+99ag98/Zs/dSXxd48eoFT47QQptLG9LViUmIg1fUG+xEUqRtYlTSMa9ya6BqK\n4u8fDiy7HhbQnlNcXv0f7qGFeUul1AHkD5zmGH84VNavdGNP3Te/yFP/zbcmK/So\nTt23VeZGINcOl8WS1N7FSSf6bIIphuTKu6+HAFJ5FMY0ywpQSzBMRl+xb+AvVcN2\n2DaE9vesrxE9JrUrYaKW72+cB3poHeWSogT/R8PJEszmoCNtN9KyCc+dgaS0hpxz\noN1tOFil8dVJrK+Hyt5l37+ZlXKKO8mHVEoFdWIxhkgnbmyJlH2Q70p1hXlERK28\npjDx/R9Lbn3DZrfvW3qkNyjaYmeeICdRPJxt9IQwjRIRlncyQIc2OidYZ5Q5GNeH\n19sYUP+pzi3NIq+Y0QTWMcVD9PrLKzWlVzkTTQgquBw7BtHYVfArVI/4dbZv6hWY\niJMkUNoOUOi0Qd8d7eBiZoeoWh3N6Z09CnSgoNVS9SAefCw0dDciy5GH4g/oCOCj\n87n+LnzCzHix0dG7EQUQWPgzT+hhRQIDAQABAoICAA6xnsITAv9iPQz4w22iZydk\nveXFpahCq8vh7/2ndWpP8+zueR2GE4pdSZI5QQp3mqF1x5iH4/Hk2V+82iHfkdAW\nguuwfirg/9unmycTVN3iMVpgv8JQCnRvjtkHgJXF1+Q1S/95rGHdk6xdyIea/4RT\n5ID3uEBgsIPIif8xhwEipNT/gSq8Vd21EsbKAQdQR3iH8oNbhKvMSQ4pikjA1J68\nGxu18lwgxcvU/bI0JfQOOZOTA4GNdFSal+LoXYbWC254rmTOGFux9gNKfnCursV2\nxY1fS4xVELj1wrTZnr0HjjIZqMfkXd3WdYB6LN4uYdDxmPzqstybQGqr7iKam/By\nReVcZuXYLw0xnB4t61b+B6Dqrof3i+vXsTIur4n6r5UY2hyXRH6FFWkI+udzw4ka\nYfq4z9kR7J/lrMeP/CseXxunIAOxF56Xi+AYTUG9OiVi0JnDllltrB8MoK0t+Axl\npT33hlXcmO4DHl5AZ2DFOyqO1UXU+OA3GLgwQZhS4HeGRMsSGNttT3r2Hd0U60GV\nqrFOV39FvJgtCtNMiXBhiuSen01iDUdx7TUAEoau4pI4RLoNM+HZKYNMyUqCEmxB\nwr9rknbQ3eKF2elId5TiwqbRZoLsY6XQ4IZwHsm3gPQI9RK5i2A0HlNNKqxnwQ7+\nZ0Rot1wSJFdl2GwTG8QBAoIBAQDWt+cBHts6URA9Spc1W0yXt3v50iK9tADkvGp6\nEZSRYwgBe9q2XN9MRvTfy/QrHSam+LktYBEVIeOpB+nBlriWBHTl0e1xdhfbwicb\n2Zps5nHC6MVN5ocPUY+XFw7Wj4hCa19iwmaCKC4Xen5nOztSvtsR8QW+ffHGM8A/\nm1MRCyRiIacEfsj1bm8Y/yRvcEF7bXW94NCP/j8xv4LegE8w4xJ2MSgOdBE04/Eu\n8/XHKdskraP8rP8hsYPZInU9PjVYOi9E6wVgcAG5QgiRrB+PYHH0TT/7bztvqOnx\nKxsfwm2ZVLN2pwb2b9IB/tocpj/lIlHUuMKHmr0EQOZvUPMdAoIBAQD65zsqRaDD\nsBs/DNzf6SBe32DSTKvdFsDRI5/1o0N9nx3sn4pTRp0yDuMYkXLcSDQ4VuiCTKxR\nKoEwo0ED/FEO0fARnt+P0ijt90CJUtHsvlw15JCndHj0mh8kmVax58xAkUsiJulb\nLhBNiLAwkJJuwRa55VPyEZdkzVnJx7MTPp7kwnwwvPYPG6emMplR4H+LWejKW3J6\niy6g+TQk+41D/EyHTRDDWkgaO3s56D+R1l0B2FqhbqP4F0y5eh85X/gQ5715RIWR\npsoXGAWxH3rAwLukn/mL997gaV6TqbkzopuUMIo0BPopy7SochoWdJFBZIoPPIHZ\n86NSCnAJU+ZJAoIBAACh4ANH1Ptx+6tCifl1QF9+AdZ1gPawDgSebW3YmWhoM0DV\n3YoF8f5mgxgZoKlz14ZMWzc//iziwangxRZ13CtM7g8zNBDOeTmDc9wIIwVJFHKv\nfs1A7YrlAZg/UCLfn1YavNgsnGKrvZ8CFFc3fHA88aY24H50Hn8n7dwCGBeHwd6s\nHLLNsMfQQHGBZtkRKpAzfVJG1DZoWEVMPBVtqU4KjSZd9LE+NELEnRQ3UbT5cZTF\nEiOPWtz9idbc3B2HDl8pJLR+QLDNA6RJBn9vU1R3wz4l8BdMd49XnwC/0L+iMfJu\npmymB0Y4hBTPbFMDRlLla/pFZQVDNmVJz6PqSB0CggEAA88s68hg13e+AigM1m1w\nq2AS1T6KwXGN/d7fl9ghty+KQcRuUjNZQaBOPFpA9y01dcGECC5n01ek3HsuCoRz\nKplvXqUd2c4kBvDhDvSt8T02oy7UL2aqS3RnkqOtWEgfpr9N97fFhTfe0X6IxkP7\npSjTUoEz1BIGTWZ8vX6Frn4d5XU6c3b6+WG/Gtvbzg1tgk0cJq5av5eLXrBJ5WHY\nVDbpZoh5/61IOPW8OjXXeTxa7yM8xQSsAqE/7fT3smRNnNwX2VZ7/KkemlkoBPdo\nYrLKZoZzQHfD735KDE3gXPNUD1zpTD7jGW1ZUdFhqgOdDPQc0HxnsEptqVo1Nz8J\n2QKCAQAa9DcarngC6CfyTwLNyQbHAHKdBJdp2JiDsTRF0g1mAU1Ml3NBJep/J2IP\nchijJCQOWMY/+Q6oCbwMAwLzfftra25hPStwMKfchR4jKR+KClsxBgzNpDe22UbX\nXpgDl+sK39+JHL0FqkxEux9w3VcIIajSc/JLD1Ku1atglMI4Df28ymw7oOuanZoJ\nBd+Q8YiCUWM+A7CNPR1G1drKpq9jSM+KYTSId7JT8BD1M2FZGHV3o28seqvLFk8u\nw4M1J03S49KzMfx0BKQKyMRuro2jUlC0yPMUGSAwAJivVi3fTgkF0egGwbFD+yED\nIeV97t5CF4/NW4K8DVUBOes/tfSe\n-----END PRIVATE KEY-----\n",
            "public_key_fingerprint_md5": "4a:f1:0a:43:4c:24:e8:1c:6a:96:22:4e:e6:59:85:99",
            "public_key_fingerprint_sha256": "SHA256:PoDYuXFKscoaQ2/UMLvrM3UHDjJmZMP+7uXqdsO4yqc",
            "public_key_openssh": "ssh-rsa AAAAB3NzaC1yc2EAAAADAQABAAACAQDScYkoYPR/ZdetFJwbLesQxwJg3qAbUa527BOrYbz3WWlytSZD+5WB1iZ2T9jS1VH2LUMJ0UHj2T7p+H8ImUTnZxr57Nvv120D/3xYh9Q1NMS7McxBVNqn8dytHEk/BFhIWKB9ochBATR466+99ag98/Zs/dSXxd48eoFT47QQptLG9LViUmIg1fUG+xEUqRtYlTSMa9ya6BqK4u8fDiy7HhbQnlNcXv0f7qGFeUul1AHkD5zmGH84VNavdGNP3Te/yFP/zbcmK/SoTt23VeZGINcOl8WS1N7FSSf6bIIphuTKu6+HAFJ5FMY0ywpQSzBMRl+xb+AvVcN22DaE9vesrxE9JrUrYaKW72+cB3poHeWSogT/R8PJEszmoCNtN9KyCc+dgaS0hpxzoN1tOFil8dVJrK+Hyt5l37+ZlXKKO8mHVEoFdWIxhkgnbmyJlH2Q70p1hXlERK28pjDx/R9Lbn3DZrfvW3qkNyjaYmeeICdRPJxt9IQwjRIRlncyQIc2OidYZ5Q5GNeH19sYUP+pzi3NIq+Y0QTWMcVD9PrLKzWlVzkTTQgquBw7BtHYVfArVI/4dbZv6hWYiJMkUNoOUOi0Qd8d7eBiZoeoWh3N6Z09CnSgoNVS9SAefCw0dDciy5GH4g/oCOCj87n+LnzCzHix0dG7EQUQWPgzT+hhRQ==\n",
            "public_key_pem": "-----BEGIN PUBLIC KEY-----\nMIICIjANBgkqhkiG9w0BAQEFAAOCAg8AMIICCgKCAgEA0nGJKGD0f2XXrRScGy3r\nEMcCYN6gG1GuduwTq2G891lpcrUmQ/uVgdYmdk/Y0tVR9i1DCdFB49k+6fh/CJlE\n52ca+ezb79dtA/98WIfUNTTEuzHMQVTap/HcrRxJPwRYSFigfaHIQQE0eOuvvfWo\nPfP2bP3Ul8XePHqBU+O0EKbSxvS1YlJiINX1BvsRFKkbWJU0jGvcmugaiuLvHw4s\nux4W0J5TXF79H+6hhXlLpdQB5A+c5hh/OFTWr3RjT903v8hT/823Jiv0qE7dt1Xm\nRiDXDpfFktTexUkn+myCKYbkyruvhwBSeRTGNMsKUEswTEZfsW/gL1XDdtg2hPb3\nrK8RPSa1K2Gilu9vnAd6aB3lkqIE/0fDyRLM5qAjbTfSsgnPnYGktIacc6DdbThY\npfHVSayvh8reZd+/mZVyijvJh1RKBXViMYZIJ25siZR9kO9KdYV5REStvKYw8f0f\nS259w2a371t6pDco2mJnniAnUTycbfSEMI0SEZZ3MkCHNjonWGeUORjXh9fbGFD/\nqc4tzSKvmNEE1jHFQ/T6yys1pVc5E00IKrgcOwbR2FXwK1SP+HW2b+oVmIiTJFDa\nDlDotEHfHe3gYmaHqFodzemdPQp0oKDVUvUgHnwsNHQ3IsuRh+IP6Ajgo/O5/i58\nwsx4sdHRuxEFEFj4M0/oYUUCAwEAAQ==\n-----END PUBLIC KEY-----\n",
            "rsa_bits": 4096
          },
          "sensitive_attributes": []
        }
      ]
    }
  ],
  "check_results": null
}
